// !$*UTF8*$!
{
	archiveVersion = 1;
	classes = {
	};
	objectVersion = 46;
	objects = {

/* Begin PBXBuildFile section */
		5DAAC32019C1BB9800C1F64D /* Foundation.framework in Frameworks */ = {isa = PBXBuildFile; fileRef = 5DAAC31F19C1BB9800C1F64D /* Foundation.framework */; };
		5DAAC32219C1BB9800C1F64D /* CoreGraphics.framework in Frameworks */ = {isa = PBXBuildFile; fileRef = 5DAAC32119C1BB9800C1F64D /* CoreGraphics.framework */; };
		5DAAC32419C1BB9800C1F64D /* UIKit.framework in Frameworks */ = {isa = PBXBuildFile; fileRef = 5DAAC32319C1BB9800C1F64D /* UIKit.framework */; };
		5DAAC32A19C1BB9800C1F64D /* InfoPlist.strings in Resources */ = {isa = PBXBuildFile; fileRef = 5DAAC32819C1BB9800C1F64D /* InfoPlist.strings */; };
		5DAAC32C19C1BB9800C1F64D /* main.m in Sources */ = {isa = PBXBuildFile; fileRef = 5DAAC32B19C1BB9800C1F64D /* main.m */; };
		5DAAC33019C1BB9800C1F64D /* StopwatchAppDelegate.m in Sources */ = {isa = PBXBuildFile; fileRef = 5DAAC32F19C1BB9800C1F64D /* StopwatchAppDelegate.m */; };
		5DAAC33319C1BB9800C1F64D /* Main.storyboard in Resources */ = {isa = PBXBuildFile; fileRef = 5DAAC33119C1BB9800C1F64D /* Main.storyboard */; };
		5DAAC33619C1BB9800C1F64D /* StopwatchViewController.m in Sources */ = {isa = PBXBuildFile; fileRef = 5DAAC33519C1BB9800C1F64D /* StopwatchViewController.m */; };
		5DAAC33819C1BB9800C1F64D /* Images.xcassets in Resources */ = {isa = PBXBuildFile; fileRef = 5DAAC33719C1BB9800C1F64D /* Images.xcassets */; };
		5DAAC33F19C1BB9800C1F64D /* XCTest.framework in Frameworks */ = {isa = PBXBuildFile; fileRef = 5DAAC33E19C1BB9800C1F64D /* XCTest.framework */; };
		5DAAC34019C1BB9800C1F64D /* Foundation.framework in Frameworks */ = {isa = PBXBuildFile; fileRef = 5DAAC31F19C1BB9800C1F64D /* Foundation.framework */; };
		5DAAC34119C1BB9800C1F64D /* UIKit.framework in Frameworks */ = {isa = PBXBuildFile; fileRef = 5DAAC32319C1BB9800C1F64D /* UIKit.framework */; };
		5DAAC34919C1BB9800C1F64D /* InfoPlist.strings in Resources */ = {isa = PBXBuildFile; fileRef = 5DAAC34719C1BB9800C1F64D /* InfoPlist.strings */; };
		5DAAC34B19C1BB9800C1F64D /* StopwatchTests.m in Sources */ = {isa = PBXBuildFile; fileRef = 5DAAC34A19C1BB9800C1F64D /* StopwatchTests.m */; };
/* End PBXBuildFile section */

/* Begin PBXContainerItemProxy section */
		5DAAC34219C1BB9800C1F64D /* PBXContainerItemProxy */ = {
			isa = PBXContainerItemProxy;
			containerPortal = 5DAAC31419C1BB9800C1F64D /* Project object */;
			proxyType = 1;
			remoteGlobalIDString = 5DAAC31B19C1BB9800C1F64D;
			remoteInfo = Stopwatch;
		};
/* End PBXContainerItemProxy section */

/* Begin PBXFileReference section */
		5DAAC31C19C1BB9800C1F64D /* Stopwatch.app */ = {isa = PBXFileReference; explicitFileType = wrapper.application; includeInIndex = 0; path = Stopwatch.app; sourceTree = BUILT_PRODUCTS_DIR; };
		5DAAC31F19C1BB9800C1F64D /* Foundation.framework */ = {isa = PBXFileReference; lastKnownFileType = wrapper.framework; name = Foundation.framework; path = System/Library/Frameworks/Foundation.framework; sourceTree = SDKROOT; };
		5DAAC32119C1BB9800C1F64D /* CoreGraphics.framework */ = {isa = PBXFileReference; lastKnownFileType = wrapper.framework; name = CoreGraphics.framework; path = System/Library/Frameworks/CoreGraphics.framework; sourceTree = SDKROOT; };
		5DAAC32319C1BB9800C1F64D /* UIKit.framework */ = {isa = PBXFileReference; lastKnownFileType = wrapper.framework; name = UIKit.framework; path = System/Library/Frameworks/UIKit.framework; sourceTree = SDKROOT; };
		5DAAC32719C1BB9800C1F64D /* Stopwatch-Info.plist */ = {isa = PBXFileReference; lastKnownFileType = text.plist.xml; path = "Stopwatch-Info.plist"; sourceTree = "<group>"; };
		5DAAC32919C1BB9800C1F64D /* en */ = {isa = PBXFileReference; lastKnownFileType = text.plist.strings; name = en; path = en.lproj/InfoPlist.strings; sourceTree = "<group>"; };
		5DAAC32B19C1BB9800C1F64D /* main.m */ = {isa = PBXFileReference; lastKnownFileType = sourcecode.c.objc; path = main.m; sourceTree = "<group>"; };
		5DAAC32D19C1BB9800C1F64D /* Stopwatch-Prefix.pch */ = {isa = PBXFileReference; lastKnownFileType = sourcecode.c.h; path = "Stopwatch-Prefix.pch"; sourceTree = "<group>"; };
		5DAAC32E19C1BB9800C1F64D /* StopwatchAppDelegate.h */ = {isa = PBXFileReference; lastKnownFileType = sourcecode.c.h; path = StopwatchAppDelegate.h; sourceTree = "<group>"; };
		5DAAC32F19C1BB9800C1F64D /* StopwatchAppDelegate.m */ = {isa = PBXFileReference; lastKnownFileType = sourcecode.c.objc; path = StopwatchAppDelegate.m; sourceTree = "<group>"; };
		5DAAC33219C1BB9800C1F64D /* Base */ = {isa = PBXFileReference; lastKnownFileType = file.storyboard; name = Base; path = Base.lproj/Main.storyboard; sourceTree = "<group>"; };
		5DAAC33419C1BB9800C1F64D /* StopwatchViewController.h */ = {isa = PBXFileReference; lastKnownFileType = sourcecode.c.h; path = StopwatchViewController.h; sourceTree = "<group>"; };
		5DAAC33519C1BB9800C1F64D /* StopwatchViewController.m */ = {isa = PBXFileReference; lastKnownFileType = sourcecode.c.objc; path = StopwatchViewController.m; sourceTree = "<group>"; };
		5DAAC33719C1BB9800C1F64D /* Images.xcassets */ = {isa = PBXFileReference; lastKnownFileType = folder.assetcatalog; path = Images.xcassets; sourceTree = "<group>"; };
		5DAAC33D19C1BB9800C1F64D /* StopwatchTests.xctest */ = {isa = PBXFileReference; explicitFileType = wrapper.cfbundle; includeInIndex = 0; path = StopwatchTests.xctest; sourceTree = BUILT_PRODUCTS_DIR; };
		5DAAC33E19C1BB9800C1F64D /* XCTest.framework */ = {isa = PBXFileReference; lastKnownFileType = wrapper.framework; name = XCTest.framework; path = Library/Frameworks/XCTest.framework; sourceTree = DEVELOPER_DIR; };
		5DAAC34619C1BB9800C1F64D /* StopwatchTests-Info.plist */ = {isa = PBXFileReference; lastKnownFileType = text.plist.xml; path = "StopwatchTests-Info.plist"; sourceTree = "<group>"; };
		5DAAC34819C1BB9800C1F64D /* en */ = {isa = PBXFileReference; lastKnownFileType = text.plist.strings; name = en; path = en.lproj/InfoPlist.strings; sourceTree = "<group>"; };
		5DAAC34A19C1BB9800C1F64D /* StopwatchTests.m */ = {isa = PBXFileReference; lastKnownFileType = sourcecode.c.objc; path = StopwatchTests.m; sourceTree = "<group>"; };
/* End PBXFileReference section */

/* Begin PBXFrameworksBuildPhase section */
		5DAAC31919C1BB9800C1F64D /* Frameworks */ = {
			isa = PBXFrameworksBuildPhase;
			buildActionMask = 2147483647;
			files = (
				5DAAC32219C1BB9800C1F64D /* CoreGraphics.framework in Frameworks */,
				5DAAC32419C1BB9800C1F64D /* UIKit.framework in Frameworks */,
				5DAAC32019C1BB9800C1F64D /* Foundation.framework in Frameworks */,
			);
			runOnlyForDeploymentPostprocessing = 0;
		};
		5DAAC33A19C1BB9800C1F64D /* Frameworks */ = {
			isa = PBXFrameworksBuildPhase;
			buildActionMask = 2147483647;
			files = (
				5DAAC33F19C1BB9800C1F64D /* XCTest.framework in Frameworks */,
				5DAAC34119C1BB9800C1F64D /* UIKit.framework in Frameworks */,
				5DAAC34019C1BB9800C1F64D /* Foundation.framework in Frameworks */,
			);
			runOnlyForDeploymentPostprocessing = 0;
		};
/* End PBXFrameworksBuildPhase section */

/* Begin PBXGroup section */
		5DAAC31319C1BB9800C1F64D = {
			isa = PBXGroup;
			children = (
				5DAAC32519C1BB9800C1F64D /* Stopwatch */,
				5DAAC34419C1BB9800C1F64D /* StopwatchTests */,
				5DAAC31E19C1BB9800C1F64D /* Frameworks */,
				5DAAC31D19C1BB9800C1F64D /* Products */,
			);
			sourceTree = "<group>";
		};
		5DAAC31D19C1BB9800C1F64D /* Products */ = {
			isa = PBXGroup;
			children = (
				5DAAC31C19C1BB9800C1F64D /* Stopwatch.app */,
				5DAAC33D19C1BB9800C1F64D /* StopwatchTests.xctest */,
			);
			name = Products;
			sourceTree = "<group>";
		};
		5DAAC31E19C1BB9800C1F64D /* Frameworks */ = {
			isa = PBXGroup;
			children = (
				5DAAC31F19C1BB9800C1F64D /* Foundation.framework */,
				5DAAC32119C1BB9800C1F64D /* CoreGraphics.framework */,
				5DAAC32319C1BB9800C1F64D /* UIKit.framework */,
				5DAAC33E19C1BB9800C1F64D /* XCTest.framework */,
			);
			name = Frameworks;
			sourceTree = "<group>";
		};
		5DAAC32519C1BB9800C1F64D /* Stopwatch */ = {
			isa = PBXGroup;
			children = (
				5DAAC32E19C1BB9800C1F64D /* StopwatchAppDelegate.h */,
				5DAAC32F19C1BB9800C1F64D /* StopwatchAppDelegate.m */,
				5DAAC33119C1BB9800C1F64D /* Main.storyboard */,
				5DAAC33419C1BB9800C1F64D /* StopwatchViewController.h */,
				5DAAC33519C1BB9800C1F64D /* StopwatchViewController.m */,
				5DAAC33719C1BB9800C1F64D /* Images.xcassets */,
				5DAAC32619C1BB9800C1F64D /* Supporting Files */,
			);
			path = Stopwatch;
			sourceTree = "<group>";
		};
		5DAAC32619C1BB9800C1F64D /* Supporting Files */ = {
			isa = PBXGroup;
			children = (
				5DAAC32719C1BB9800C1F64D /* Stopwatch-Info.plist */,
				5DAAC32819C1BB9800C1F64D /* InfoPlist.strings */,
				5DAAC32B19C1BB9800C1F64D /* main.m */,
				5DAAC32D19C1BB9800C1F64D /* Stopwatch-Prefix.pch */,
			);
			name = "Supporting Files";
			sourceTree = "<group>";
		};
		5DAAC34419C1BB9800C1F64D /* StopwatchTests */ = {
			isa = PBXGroup;
			children = (
				5DAAC34A19C1BB9800C1F64D /* StopwatchTests.m */,
				5DAAC34519C1BB9800C1F64D /* Supporting Files */,
			);
			path = StopwatchTests;
			sourceTree = "<group>";
		};
		5DAAC34519C1BB9800C1F64D /* Supporting Files */ = {
			isa = PBXGroup;
			children = (
				5DAAC34619C1BB9800C1F64D /* StopwatchTests-Info.plist */,
				5DAAC34719C1BB9800C1F64D /* InfoPlist.strings */,
			);
			name = "Supporting Files";
			sourceTree = "<group>";
		};
/* End PBXGroup section */

/* Begin PBXNativeTarget section */
		5DAAC31B19C1BB9800C1F64D /* Stopwatch */ = {
			isa = PBXNativeTarget;
			buildConfigurationList = 5DAAC34E19C1BB9800C1F64D /* Build configuration list for PBXNativeTarget "Stopwatch" */;
			buildPhases = (
				5DAAC31819C1BB9800C1F64D /* Sources */,
				5DAAC31919C1BB9800C1F64D /* Frameworks */,
				5DAAC31A19C1BB9800C1F64D /* Resources */,
			);
			buildRules = (
			);
			dependencies = (
			);
			name = Stopwatch;
			productName = Stopwatch;
			productReference = 5DAAC31C19C1BB9800C1F64D /* Stopwatch.app */;
			productType = "com.apple.product-type.application";
		};
		5DAAC33C19C1BB9800C1F64D /* StopwatchTests */ = {
			isa = PBXNativeTarget;
			buildConfigurationList = 5DAAC35119C1BB9800C1F64D /* Build configuration list for PBXNativeTarget "StopwatchTests" */;
			buildPhases = (
				5DAAC33919C1BB9800C1F64D /* Sources */,
				5DAAC33A19C1BB9800C1F64D /* Frameworks */,
				5DAAC33B19C1BB9800C1F64D /* Resources */,
			);
			buildRules = (
			);
			dependencies = (
				5DAAC34319C1BB9800C1F64D /* PBXTargetDependency */,
			);
			name = StopwatchTests;
			productName = StopwatchTests;
			productReference = 5DAAC33D19C1BB9800C1F64D /* StopwatchTests.xctest */;
			productType = "com.apple.product-type.bundle.unit-test";
		};
/* End PBXNativeTarget section */

/* Begin PBXProject section */
		5DAAC31419C1BB9800C1F64D /* Project object */ = {
			isa = PBXProject;
			attributes = {
				CLASSPREFIX = Stopwatch;
				LastUpgradeCheck = 0510;
				ORGANIZATIONNAME = Fermin;
				TargetAttributes = {
					5DAAC33C19C1BB9800C1F64D = {
						TestTargetID = 5DAAC31B19C1BB9800C1F64D;
					};
				};
			};
			buildConfigurationList = 5DAAC31719C1BB9800C1F64D /* Build configuration list for PBXProject "Stopwatch" */;
			compatibilityVersion = "Xcode 3.2";
			developmentRegion = English;
			hasScannedForEncodings = 0;
			knownRegions = (
				en,
				Base,
			);
			mainGroup = 5DAAC31319C1BB9800C1F64D;
			productRefGroup = 5DAAC31D19C1BB9800C1F64D /* Products */;
			projectDirPath = "";
			projectRoot = "";
			targets = (
				5DAAC31B19C1BB9800C1F64D /* Stopwatch */,
				5DAAC33C19C1BB9800C1F64D /* StopwatchTests */,
			);
		};
/* End PBXProject section */

/* Begin PBXResourcesBuildPhase section */
		5DAAC31A19C1BB9800C1F64D /* Resources */ = {
			isa = PBXResourcesBuildPhase;
			buildActionMask = 2147483647;
			files = (
				5DAAC33819C1BB9800C1F64D /* Images.xcassets in Resources */,
				5DAAC32A19C1BB9800C1F64D /* InfoPlist.strings in Resources */,
				5DAAC33319C1BB9800C1F64D /* Main.storyboard in Resources */,
			);
			runOnlyForDeploymentPostprocessing = 0;
		};
		5DAAC33B19C1BB9800C1F64D /* Resources */ = {
			isa = PBXResourcesBuildPhase;
			buildActionMask = 2147483647;
			files = (
				5DAAC34919C1BB9800C1F64D /* InfoPlist.strings in Resources */,
			);
			runOnlyForDeploymentPostprocessing = 0;
		};
/* End PBXResourcesBuildPhase section */

/* Begin PBXSourcesBuildPhase section */
		5DAAC31819C1BB9800C1F64D /* Sources */ = {
			isa = PBXSourcesBuildPhase;
			buildActionMask = 2147483647;
			files = (
				5DAAC33019C1BB9800C1F64D /* StopwatchAppDelegate.m in Sources */,
				5DAAC32C19C1BB9800C1F64D /* main.m in Sources */,
				5DAAC33619C1BB9800C1F64D /* StopwatchViewController.m in Sources */,
			);
			runOnlyForDeploymentPostprocessing = 0;
		};
		5DAAC33919C1BB9800C1F64D /* Sources */ = {
			isa = PBXSourcesBuildPhase;
			buildActionMask = 2147483647;
			files = (
				5DAAC34B19C1BB9800C1F64D /* StopwatchTests.m in Sources */,
			);
			runOnlyForDeploymentPostprocessing = 0;
		};
/* End PBXSourcesBuildPhase section */

/* Begin PBXTargetDependency section */
		5DAAC34319C1BB9800C1F64D /* PBXTargetDependency */ = {
			isa = PBXTargetDependency;
			target = 5DAAC31B19C1BB9800C1F64D /* Stopwatch */;
			targetProxy = 5DAAC34219C1BB9800C1F64D /* PBXContainerItemProxy */;
		};
/* End PBXTargetDependency section */

/* Begin PBXVariantGroup section */
		5DAAC32819C1BB9800C1F64D /* InfoPlist.strings */ = {
			isa = PBXVariantGroup;
			children = (
				5DAAC32919C1BB9800C1F64D /* en */,
			);
			name = InfoPlist.strings;
			sourceTree = "<group>";
		};
		5DAAC33119C1BB9800C1F64D /* Main.storyboard */ = {
			isa = PBXVariantGroup;
			children = (
				5DAAC33219C1BB9800C1F64D /* Base */,
			);
			name = Main.storyboard;
			sourceTree = "<group>";
		};
		5DAAC34719C1BB9800C1F64D /* InfoPlist.strings */ = {
			isa = PBXVariantGroup;
			children = (
				5DAAC34819C1BB9800C1F64D /* en */,
			);
			name = InfoPlist.strings;
			sourceTree = "<group>";
		};
/* End PBXVariantGroup section */

/* Begin XCBuildConfiguration section */
		5DAAC34C19C1BB9800C1F64D /* Debug */ = {
			isa = XCBuildConfiguration;
			buildSettings = {
				ALWAYS_SEARCH_USER_PATHS = NO;
				CLANG_CXX_LANGUAGE_STANDARD = "gnu++0x";
				CLANG_CXX_LIBRARY = "libc++";
				CLANG_ENABLE_MODULES = YES;
				CLANG_ENABLE_OBJC_ARC = YES;
				CLANG_WARN_BOOL_CONVERSION = YES;
				CLANG_WARN_CONSTANT_CONVERSION = YES;
				CLANG_WARN_DIRECT_OBJC_ISA_USAGE = YES_ERROR;
				CLANG_WARN_EMPTY_BODY = YES;
				CLANG_WARN_ENUM_CONVERSION = YES;
				CLANG_WARN_INT_CONVERSION = YES;
				CLANG_WARN_OBJC_ROOT_CLASS = YES_ERROR;
				CLANG_WARN__DUPLICATE_METHOD_MATCH = YES;
				"CODE_SIGN_IDENTITY[sdk=iphoneos*]" = "iPhone Developer";
				COPY_PHASE_STRIP = NO;
				GCC_C_LANGUAGE_STANDARD = gnu99;
				GCC_DYNAMIC_NO_PIC = NO;
				GCC_OPTIMIZATION_LEVEL = 0;
				GCC_PREPROCESSOR_DEFINITIONS = (
					"DEBUG=1",
					"$(inherited)",
				);
				GCC_SYMBOLS_PRIVATE_EXTERN = NO;
				GCC_WARN_64_TO_32_BIT_CONVERSION = YES;
				GCC_WARN_ABOUT_RETURN_TYPE = YES_ERROR;
				GCC_WARN_UNDECLARED_SELECTOR = YES;
				GCC_WARN_UNINITIALIZED_AUTOS = YES_AGGRESSIVE;
				GCC_WARN_UNUSED_FUNCTION = YES;
				GCC_WARN_UNUSED_VARIABLE = YES;
				IPHONEOS_DEPLOYMENT_TARGET = 7.1;
				ONLY_ACTIVE_ARCH = YES;
				SDKROOT = iphoneos;
			};
			name = Debug;
		};
		5DAAC34D19C1BB9800C1F64D /* Release */ = {
			isa = XCBuildConfiguration;
			buildSettings = {
				ALWAYS_SEARCH_USER_PATHS = NO;
				CLANG_CXX_LANGUAGE_STANDARD = "gnu++0x";
				CLANG_CXX_LIBRARY = "libc++";
				CLANG_ENABLE_MODULES = YES;
				CLANG_ENABLE_OBJC_ARC = YES;
				CLANG_WARN_BOOL_CONVERSION = YES;
				CLANG_WARN_CONSTANT_CONVERSION = YES;
				CLANG_WARN_DIRECT_OBJC_ISA_USAGE = YES_ERROR;
				CLANG_WARN_EMPTY_BODY = YES;
				CLANG_WARN_ENUM_CONVERSION = YES;
				CLANG_WARN_INT_CONVERSION = YES;
				CLANG_WARN_OBJC_ROOT_CLASS = YES_ERROR;
				CLANG_WARN__DUPLICATE_METHOD_MATCH = YES;
				"CODE_SIGN_IDENTITY[sdk=iphoneos*]" = "iPhone Developer";
				COPY_PHASE_STRIP = YES;
				ENABLE_NS_ASSERTIONS = NO;
				GCC_C_LANGUAGE_STANDARD = gnu99;
				GCC_WARN_64_TO_32_BIT_CONVERSION = YES;
				GCC_WARN_ABOUT_RETURN_TYPE = YES_ERROR;
				GCC_WARN_UNDECLARED_SELECTOR = YES;
				GCC_WARN_UNINITIALIZED_AUTOS = YES_AGGRESSIVE;
				GCC_WARN_UNUSED_FUNCTION = YES;
				GCC_WARN_UNUSED_VARIABLE = YES;
				IPHONEOS_DEPLOYMENT_TARGET = 7.1;
				SDKROOT = iphoneos;
				VALIDATE_PRODUCT = YES;
			};
			name = Release;
		};
		5DAAC34F19C1BB9800C1F64D /* Debug */ = {
			isa = XCBuildConfiguration;
			buildSettings = {
				ASSETCATALOG_COMPILER_APPICON_NAME = AppIcon;
				ASSETCATALOG_COMPILER_LAUNCHIMAGE_NAME = LaunchImage;
				GCC_PRECOMPILE_PREFIX_HEADER = YES;
				GCC_PREFIX_HEADER = "Stopwatch/Stopwatch-Prefix.pch";
				INFOPLIST_FILE = "Stopwatch/Stopwatch-Info.plist";
				PRODUCT_NAME = "$(TARGET_NAME)";
				WRAPPER_EXTENSION = app;
			};
			name = Debug;
		};
		5DAAC35019C1BB9800C1F64D /* Release */ = {
			isa = XCBuildConfiguration;
			buildSettings = {
				ASSETCATALOG_COMPILER_APPICON_NAME = AppIcon;
				ASSETCATALOG_COMPILER_LAUNCHIMAGE_NAME = LaunchImage;
				GCC_PRECOMPILE_PREFIX_HEADER = YES;
				GCC_PREFIX_HEADER = "Stopwatch/Stopwatch-Prefix.pch";
				INFOPLIST_FILE = "Stopwatch/Stopwatch-Info.plist";
				PRODUCT_NAME = "$(TARGET_NAME)";
				WRAPPER_EXTENSION = app;
			};
			name = Release;
		};
		5DAAC35219C1BB9800C1F64D /* Debug */ = {
			isa = XCBuildConfiguration;
			buildSettings = {
				BUNDLE_LOADER = "$(BUILT_PRODUCTS_DIR)/Stopwatch.app/Stopwatch";
				FRAMEWORK_SEARCH_PATHS = (
					"$(SDKROOT)/Developer/Library/Frameworks",
					"$(inherited)",
					"$(DEVELOPER_FRAMEWORKS_DIR)",
				);
				GCC_PRECOMPILE_PREFIX_HEADER = YES;
				GCC_PREFIX_HEADER = "Stopwatch/Stopwatch-Prefix.pch";
				GCC_PREPROCESSOR_DEFINITIONS = (
					"DEBUG=1",
					"$(inherited)",
				);
				INFOPLIST_FILE = "StopwatchTests/StopwatchTests-Info.plist";
				PRODUCT_NAME = "$(TARGET_NAME)";
				TEST_HOST = "$(BUNDLE_LOADER)";
				WRAPPER_EXTENSION = xctest;
			};
			name = Debug;
		};
		5DAAC35319C1BB9800C1F64D /* Release */ = {
			isa = XCBuildConfiguration;
			buildSettings = {
				BUNDLE_LOADER = "$(BUILT_PRODUCTS_DIR)/Stopwatch.app/Stopwatch";
				FRAMEWORK_SEARCH_PATHS = (
					"$(SDKROOT)/Developer/Library/Frameworks",
					"$(inherited)",
					"$(DEVELOPER_FRAMEWORKS_DIR)",
				);
				GCC_PRECOMPILE_PREFIX_HEADER = YES;
				GCC_PREFIX_HEADER = "Stopwatch/Stopwatch-Prefix.pch";
				INFOPLIST_FILE = "StopwatchTests/StopwatchTests-Info.plist";
				PRODUCT_NAME = "$(TARGET_NAME)";
				TEST_HOST = "$(BUNDLE_LOADER)";
				WRAPPER_EXTENSION = xctest;
			};
			name = Release;
		};
/* End XCBuildConfiguration section */

/* Begin XCConfigurationList section */
		5DAAC31719C1BB9800C1F64D /* Build configuration list for PBXProject "Stopwatch" */ = {
			isa = XCConfigurationList;
			buildConfigurations = (
				5DAAC34C19C1BB9800C1F64D /* Debug */,
				5DAAC34D19C1BB9800C1F64D /* Release */,
			);
			defaultConfigurationIsVisible = 0;
			defaultConfigurationName = Release;
		};
		5DAAC34E19C1BB9800C1F64D /* Build configuration list for PBXNativeTarget "Stopwatch" */ = {
			isa = XCConfigurationList;
			buildConfigurations = (
				5DAAC34F19C1BB9800C1F64D /* Debug */,
				5DAAC35019C1BB9800C1F64D /* Release */,
			);
			defaultConfigurationIsVisible = 0;
		};
		5DAAC35119C1BB9800C1F64D /* Build configuration list for PBXNativeTarget "StopwatchTests" */ = {
			isa = XCConfigurationList;
			buildConfigurations = (
				5DAAC35219C1BB9800C1F64D /* Debug */,
				5DAAC35319C1BB9800C1F64D /* Release */,
			);
			defaultConfigurationIsVisible = 0;
		};
/* End XCConfigurationList section */
	};
	rootObject = 5DAAC31419C1BB9800C1F64D /* Project object */;
}
