// !$*UTF8*$!
{
	archiveVersion = 1;
	classes = {
	};
	objectVersion = 46;
	objects = {

/* Begin PBXBuildFile section */
		5DCABE9519C1CB7E00CFB340 /* Foundation.framework in Frameworks */ = {isa = PBXBuildFile; fileRef = 5DCABE9419C1CB7E00CFB340 /* Foundation.framework */; };
		5DCABE9719C1CB7E00CFB340 /* CoreGraphics.framework in Frameworks */ = {isa = PBXBuildFile; fileRef = 5DCABE9619C1CB7E00CFB340 /* CoreGraphics.framework */; };
		5DCABE9919C1CB7E00CFB340 /* UIKit.framework in Frameworks */ = {isa = PBXBuildFile; fileRef = 5DCABE9819C1CB7E00CFB340 /* UIKit.framework */; };
		5DCABE9F19C1CB7E00CFB340 /* InfoPlist.strings in Resources */ = {isa = PBXBuildFile; fileRef = 5DCABE9D19C1CB7E00CFB340 /* InfoPlist.strings */; };
		5DCABEA119C1CB7E00CFB340 /* main.m in Sources */ = {isa = PBXBuildFile; fileRef = 5DCABEA019C1CB7E00CFB340 /* main.m */; };
		5DCABEA519C1CB7E00CFB340 /* NotifyAppDelegate.m in Sources */ = {isa = PBXBuildFile; fileRef = 5DCABEA419C1CB7E00CFB340 /* NotifyAppDelegate.m */; };
		5DCABEA819C1CB7E00CFB340 /* Main.storyboard in Resources */ = {isa = PBXBuildFile; fileRef = 5DCABEA619C1CB7E00CFB340 /* Main.storyboard */; };
		5DCABEAB19C1CB7E00CFB340 /* NotifyViewController.m in Sources */ = {isa = PBXBuildFile; fileRef = 5DCABEAA19C1CB7E00CFB340 /* NotifyViewController.m */; };
		5DCABEAD19C1CB7E00CFB340 /* Images.xcassets in Resources */ = {isa = PBXBuildFile; fileRef = 5DCABEAC19C1CB7E00CFB340 /* Images.xcassets */; };
		5DCABEB419C1CB7E00CFB340 /* XCTest.framework in Frameworks */ = {isa = PBXBuildFile; fileRef = 5DCABEB319C1CB7E00CFB340 /* XCTest.framework */; };
		5DCABEB519C1CB7E00CFB340 /* Foundation.framework in Frameworks */ = {isa = PBXBuildFile; fileRef = 5DCABE9419C1CB7E00CFB340 /* Foundation.framework */; };
		5DCABEB619C1CB7E00CFB340 /* UIKit.framework in Frameworks */ = {isa = PBXBuildFile; fileRef = 5DCABE9819C1CB7E00CFB340 /* UIKit.framework */; };
		5DCABEBE19C1CB7E00CFB340 /* InfoPlist.strings in Resources */ = {isa = PBXBuildFile; fileRef = 5DCABEBC19C1CB7E00CFB340 /* InfoPlist.strings */; };
		5DCABEC019C1CB7E00CFB340 /* NotifyTests.m in Sources */ = {isa = PBXBuildFile; fileRef = 5DCABEBF19C1CB7E00CFB340 /* NotifyTests.m */; };
/* End PBXBuildFile section */

/* Begin PBXContainerItemProxy section */
		5DCABEB719C1CB7E00CFB340 /* PBXContainerItemProxy */ = {
			isa = PBXContainerItemProxy;
			containerPortal = 5DCABE8919C1CB7E00CFB340 /* Project object */;
			proxyType = 1;
			remoteGlobalIDString = 5DCABE9019C1CB7E00CFB340;
			remoteInfo = Notify;
		};
/* End PBXContainerItemProxy section */

/* Begin PBXFileReference section */
		5DCABE9119C1CB7E00CFB340 /* Notify.app */ = {isa = PBXFileReference; explicitFileType = wrapper.application; includeInIndex = 0; path = Notify.app; sourceTree = BUILT_PRODUCTS_DIR; };
		5DCABE9419C1CB7E00CFB340 /* Foundation.framework */ = {isa = PBXFileReference; lastKnownFileType = wrapper.framework; name = Foundation.framework; path = System/Library/Frameworks/Foundation.framework; sourceTree = SDKROOT; };
		5DCABE9619C1CB7E00CFB340 /* CoreGraphics.framework */ = {isa = PBXFileReference; lastKnownFileType = wrapper.framework; name = CoreGraphics.framework; path = System/Library/Frameworks/CoreGraphics.framework; sourceTree = SDKROOT; };
		5DCABE9819C1CB7E00CFB340 /* UIKit.framework */ = {isa = PBXFileReference; lastKnownFileType = wrapper.framework; name = UIKit.framework; path = System/Library/Frameworks/UIKit.framework; sourceTree = SDKROOT; };
		5DCABE9C19C1CB7E00CFB340 /* Notify-Info.plist */ = {isa = PBXFileReference; lastKnownFileType = text.plist.xml; path = "Notify-Info.plist"; sourceTree = "<group>"; };
		5DCABE9E19C1CB7E00CFB340 /* en */ = {isa = PBXFileReference; lastKnownFileType = text.plist.strings; name = en; path = en.lproj/InfoPlist.strings; sourceTree = "<group>"; };
		5DCABEA019C1CB7E00CFB340 /* main.m */ = {isa = PBXFileReference; lastKnownFileType = sourcecode.c.objc; path = main.m; sourceTree = "<group>"; };
		5DCABEA219C1CB7E00CFB340 /* Notify-Prefix.pch */ = {isa = PBXFileReference; lastKnownFileType = sourcecode.c.h; path = "Notify-Prefix.pch"; sourceTree = "<group>"; };
		5DCABEA319C1CB7E00CFB340 /* NotifyAppDelegate.h */ = {isa = PBXFileReference; lastKnownFileType = sourcecode.c.h; path = NotifyAppDelegate.h; sourceTree = "<group>"; };
		5DCABEA419C1CB7E00CFB340 /* NotifyAppDelegate.m */ = {isa = PBXFileReference; lastKnownFileType = sourcecode.c.objc; path = NotifyAppDelegate.m; sourceTree = "<group>"; };
		5DCABEA719C1CB7E00CFB340 /* Base */ = {isa = PBXFileReference; lastKnownFileType = file.storyboard; name = Base; path = Base.lproj/Main.storyboard; sourceTree = "<group>"; };
		5DCABEA919C1CB7E00CFB340 /* NotifyViewController.h */ = {isa = PBXFileReference; lastKnownFileType = sourcecode.c.h; path = NotifyViewController.h; sourceTree = "<group>"; };
		5DCABEAA19C1CB7E00CFB340 /* NotifyViewController.m */ = {isa = PBXFileReference; lastKnownFileType = sourcecode.c.objc; path = NotifyViewController.m; sourceTree = "<group>"; };
		5DCABEAC19C1CB7E00CFB340 /* Images.xcassets */ = {isa = PBXFileReference; lastKnownFileType = folder.assetcatalog; path = Images.xcassets; sourceTree = "<group>"; };
		5DCABEB219C1CB7E00CFB340 /* NotifyTests.xctest */ = {isa = PBXFileReference; explicitFileType = wrapper.cfbundle; includeInIndex = 0; path = NotifyTests.xctest; sourceTree = BUILT_PRODUCTS_DIR; };
		5DCABEB319C1CB7E00CFB340 /* XCTest.framework */ = {isa = PBXFileReference; lastKnownFileType = wrapper.framework; name = XCTest.framework; path = Library/Frameworks/XCTest.framework; sourceTree = DEVELOPER_DIR; };
		5DCABEBB19C1CB7E00CFB340 /* NotifyTests-Info.plist */ = {isa = PBXFileReference; lastKnownFileType = text.plist.xml; path = "NotifyTests-Info.plist"; sourceTree = "<group>"; };
		5DCABEBD19C1CB7E00CFB340 /* en */ = {isa = PBXFileReference; lastKnownFileType = text.plist.strings; name = en; path = en.lproj/InfoPlist.strings; sourceTree = "<group>"; };
		5DCABEBF19C1CB7E00CFB340 /* NotifyTests.m */ = {isa = PBXFileReference; lastKnownFileType = sourcecode.c.objc; path = NotifyTests.m; sourceTree = "<group>"; };
/* End PBXFileReference section */

/* Begin PBXFrameworksBuildPhase section */
		5DCABE8E19C1CB7E00CFB340 /* Frameworks */ = {
			isa = PBXFrameworksBuildPhase;
			buildActionMask = 2147483647;
			files = (
				5DCABE9719C1CB7E00CFB340 /* CoreGraphics.framework in Frameworks */,
				5DCABE9919C1CB7E00CFB340 /* UIKit.framework in Frameworks */,
				5DCABE9519C1CB7E00CFB340 /* Foundation.framework in Frameworks */,
			);
			runOnlyForDeploymentPostprocessing = 0;
		};
		5DCABEAF19C1CB7E00CFB340 /* Frameworks */ = {
			isa = PBXFrameworksBuildPhase;
			buildActionMask = 2147483647;
			files = (
				5DCABEB419C1CB7E00CFB340 /* XCTest.framework in Frameworks */,
				5DCABEB619C1CB7E00CFB340 /* UIKit.framework in Frameworks */,
				5DCABEB519C1CB7E00CFB340 /* Foundation.framework in Frameworks */,
			);
			runOnlyForDeploymentPostprocessing = 0;
		};
/* End PBXFrameworksBuildPhase section */

/* Begin PBXGroup section */
		5DCABE8819C1CB7E00CFB340 = {
			isa = PBXGroup;
			children = (
				5DCABE9A19C1CB7E00CFB340 /* Notify */,
				5DCABEB919C1CB7E00CFB340 /* NotifyTests */,
				5DCABE9319C1CB7E00CFB340 /* Frameworks */,
				5DCABE9219C1CB7E00CFB340 /* Products */,
			);
			sourceTree = "<group>";
		};
		5DCABE9219C1CB7E00CFB340 /* Products */ = {
			isa = PBXGroup;
			children = (
				5DCABE9119C1CB7E00CFB340 /* Notify.app */,
				5DCABEB219C1CB7E00CFB340 /* NotifyTests.xctest */,
			);
			name = Products;
			sourceTree = "<group>";
		};
		5DCABE9319C1CB7E00CFB340 /* Frameworks */ = {
			isa = PBXGroup;
			children = (
				5DCABE9419C1CB7E00CFB340 /* Foundation.framework */,
				5DCABE9619C1CB7E00CFB340 /* CoreGraphics.framework */,
				5DCABE9819C1CB7E00CFB340 /* UIKit.framework */,
				5DCABEB319C1CB7E00CFB340 /* XCTest.framework */,
			);
			name = Frameworks;
			sourceTree = "<group>";
		};
		5DCABE9A19C1CB7E00CFB340 /* Notify */ = {
			isa = PBXGroup;
			children = (
				5DCABEA319C1CB7E00CFB340 /* NotifyAppDelegate.h */,
				5DCABEA419C1CB7E00CFB340 /* NotifyAppDelegate.m */,
				5DCABEA619C1CB7E00CFB340 /* Main.storyboard */,
				5DCABEA919C1CB7E00CFB340 /* NotifyViewController.h */,
				5DCABEAA19C1CB7E00CFB340 /* NotifyViewController.m */,
				5DCABEAC19C1CB7E00CFB340 /* Images.xcassets */,
				5DCABE9B19C1CB7E00CFB340 /* Supporting Files */,
			);
			path = Notify;
			sourceTree = "<group>";
		};
		5DCABE9B19C1CB7E00CFB340 /* Supporting Files */ = {
			isa = PBXGroup;
			children = (
				5DCABE9C19C1CB7E00CFB340 /* Notify-Info.plist */,
				5DCABE9D19C1CB7E00CFB340 /* InfoPlist.strings */,
				5DCABEA019C1CB7E00CFB340 /* main.m */,
				5DCABEA219C1CB7E00CFB340 /* Notify-Prefix.pch */,
			);
			name = "Supporting Files";
			sourceTree = "<group>";
		};
		5DCABEB919C1CB7E00CFB340 /* NotifyTests */ = {
			isa = PBXGroup;
			children = (
				5DCABEBF19C1CB7E00CFB340 /* NotifyTests.m */,
				5DCABEBA19C1CB7E00CFB340 /* Supporting Files */,
			);
			path = NotifyTests;
			sourceTree = "<group>";
		};
		5DCABEBA19C1CB7E00CFB340 /* Supporting Files */ = {
			isa = PBXGroup;
			children = (
				5DCABEBB19C1CB7E00CFB340 /* NotifyTests-Info.plist */,
				5DCABEBC19C1CB7E00CFB340 /* InfoPlist.strings */,
			);
			name = "Supporting Files";
			sourceTree = "<group>";
		};
/* End PBXGroup section */

/* Begin PBXNativeTarget section */
		5DCABE9019C1CB7E00CFB340 /* Notify */ = {
			isa = PBXNativeTarget;
			buildConfigurationList = 5DCABEC319C1CB7E00CFB340 /* Build configuration list for PBXNativeTarget "Notify" */;
			buildPhases = (
				5DCABE8D19C1CB7E00CFB340 /* Sources */,
				5DCABE8E19C1CB7E00CFB340 /* Frameworks */,
				5DCABE8F19C1CB7E00CFB340 /* Resources */,
			);
			buildRules = (
			);
			dependencies = (
			);
			name = Notify;
			productName = Notify;
			productReference = 5DCABE9119C1CB7E00CFB340 /* Notify.app */;
			productType = "com.apple.product-type.application";
		};
		5DCABEB119C1CB7E00CFB340 /* NotifyTests */ = {
			isa = PBXNativeTarget;
			buildConfigurationList = 5DCABEC619C1CB7E00CFB340 /* Build configuration list for PBXNativeTarget "NotifyTests" */;
			buildPhases = (
				5DCABEAE19C1CB7E00CFB340 /* Sources */,
				5DCABEAF19C1CB7E00CFB340 /* Frameworks */,
				5DCABEB019C1CB7E00CFB340 /* Resources */,
			);
			buildRules = (
			);
			dependencies = (
				5DCABEB819C1CB7E00CFB340 /* PBXTargetDependency */,
			);
			name = NotifyTests;
			productName = NotifyTests;
			productReference = 5DCABEB219C1CB7E00CFB340 /* NotifyTests.xctest */;
			productType = "com.apple.product-type.bundle.unit-test";
		};
/* End PBXNativeTarget section */

/* Begin PBXProject section */
		5DCABE8919C1CB7E00CFB340 /* Project object */ = {
			isa = PBXProject;
			attributes = {
				CLASSPREFIX = Notify;
				LastUpgradeCheck = 0510;
				ORGANIZATIONNAME = Fermin;
				TargetAttributes = {
					5DCABEB119C1CB7E00CFB340 = {
						TestTargetID = 5DCABE9019C1CB7E00CFB340;
					};
				};
			};
			buildConfigurationList = 5DCABE8C19C1CB7E00CFB340 /* Build configuration list for PBXProject "Notify" */;
			compatibilityVersion = "Xcode 3.2";
			developmentRegion = English;
			hasScannedForEncodings = 0;
			knownRegions = (
				en,
				Base,
			);
			mainGroup = 5DCABE8819C1CB7E00CFB340;
			productRefGroup = 5DCABE9219C1CB7E00CFB340 /* Products */;
			projectDirPath = "";
			projectRoot = "";
			targets = (
				5DCABE9019C1CB7E00CFB340 /* Notify */,
				5DCABEB119C1CB7E00CFB340 /* NotifyTests */,
			);
		};
/* End PBXProject section */

/* Begin PBXResourcesBuildPhase section */
		5DCABE8F19C1CB7E00CFB340 /* Resources */ = {
			isa = PBXResourcesBuildPhase;
			buildActionMask = 2147483647;
			files = (
				5DCABEAD19C1CB7E00CFB340 /* Images.xcassets in Resources */,
				5DCABE9F19C1CB7E00CFB340 /* InfoPlist.strings in Resources */,
				5DCABEA819C1CB7E00CFB340 /* Main.storyboard in Resources */,
			);
			runOnlyForDeploymentPostprocessing = 0;
		};
		5DCABEB019C1CB7E00CFB340 /* Resources */ = {
			isa = PBXResourcesBuildPhase;
			buildActionMask = 2147483647;
			files = (
				5DCABEBE19C1CB7E00CFB340 /* InfoPlist.strings in Resources */,
			);
			runOnlyForDeploymentPostprocessing = 0;
		};
/* End PBXResourcesBuildPhase section */

/* Begin PBXSourcesBuildPhase section */
		5DCABE8D19C1CB7E00CFB340 /* Sources */ = {
			isa = PBXSourcesBuildPhase;
			buildActionMask = 2147483647;
			files = (
				5DCABEAB19C1CB7E00CFB340 /* NotifyViewController.m in Sources */,
				5DCABEA119C1CB7E00CFB340 /* main.m in Sources */,
				5DCABEA519C1CB7E00CFB340 /* NotifyAppDelegate.m in Sources */,
			);
			runOnlyForDeploymentPostprocessing = 0;
		};
		5DCABEAE19C1CB7E00CFB340 /* Sources */ = {
			isa = PBXSourcesBuildPhase;
			buildActionMask = 2147483647;
			files = (
				5DCABEC019C1CB7E00CFB340 /* NotifyTests.m in Sources */,
			);
			runOnlyForDeploymentPostprocessing = 0;
		};
/* End PBXSourcesBuildPhase section */

/* Begin PBXTargetDependency section */
		5DCABEB819C1CB7E00CFB340 /* PBXTargetDependency */ = {
			isa = PBXTargetDependency;
			target = 5DCABE9019C1CB7E00CFB340 /* Notify */;
			targetProxy = 5DCABEB719C1CB7E00CFB340 /* PBXContainerItemProxy */;
		};
/* End PBXTargetDependency section */

/* Begin PBXVariantGroup section */
		5DCABE9D19C1CB7E00CFB340 /* InfoPlist.strings */ = {
			isa = PBXVariantGroup;
			children = (
				5DCABE9E19C1CB7E00CFB340 /* en */,
			);
			name = InfoPlist.strings;
			sourceTree = "<group>";
		};
		5DCABEA619C1CB7E00CFB340 /* Main.storyboard */ = {
			isa = PBXVariantGroup;
			children = (
				5DCABEA719C1CB7E00CFB340 /* Base */,
			);
			name = Main.storyboard;
			sourceTree = "<group>";
		};
		5DCABEBC19C1CB7E00CFB340 /* InfoPlist.strings */ = {
			isa = PBXVariantGroup;
			children = (
				5DCABEBD19C1CB7E00CFB340 /* en */,
			);
			name = InfoPlist.strings;
			sourceTree = "<group>";
		};
/* End PBXVariantGroup section */

/* Begin XCBuildConfiguration section */
		5DCABEC119C1CB7E00CFB340 /* Debug */ = {
			isa = XCBuildConfiguration;
			buildSettings = {
				ALWAYS_SEARCH_USER_PATHS = NO;
				CLANG_CXX_LANGUAGE_STANDARD = "gnu++0x";
				CLANG_CXX_LIBRARY = "libc++";
				CLANG_ENABLE_MODULES = YES;
				CLANG_ENABLE_OBJC_ARC = YES;
				CLANG_WARN_BOOL_CONVERSION = YES;
				CLANG_WARN_CONSTANT_CONVERSION = YES;
				CLANG_WARN_DIRECT_OBJC_ISA_USAGE = YES_ERROR;
				CLANG_WARN_EMPTY_BODY = YES;
				CLANG_WARN_ENUM_CONVERSION = YES;
				CLANG_WARN_INT_CONVERSION = YES;
				CLANG_WARN_OBJC_ROOT_CLASS = YES_ERROR;
				CLANG_WARN__DUPLICATE_METHOD_MATCH = YES;
				"CODE_SIGN_IDENTITY[sdk=iphoneos*]" = "iPhone Developer";
				COPY_PHASE_STRIP = NO;
				GCC_C_LANGUAGE_STANDARD = gnu99;
				GCC_DYNAMIC_NO_PIC = NO;
				GCC_OPTIMIZATION_LEVEL = 0;
				GCC_PREPROCESSOR_DEFINITIONS = (
					"DEBUG=1",
					"$(inherited)",
				);
				GCC_SYMBOLS_PRIVATE_EXTERN = NO;
				GCC_WARN_64_TO_32_BIT_CONVERSION = YES;
				GCC_WARN_ABOUT_RETURN_TYPE = YES_ERROR;
				GCC_WARN_UNDECLARED_SELECTOR = YES;
				GCC_WARN_UNINITIALIZED_AUTOS = YES_AGGRESSIVE;
				GCC_WARN_UNUSED_FUNCTION = YES;
				GCC_WARN_UNUSED_VARIABLE = YES;
				IPHONEOS_DEPLOYMENT_TARGET = 7.1;
				ONLY_ACTIVE_ARCH = YES;
				SDKROOT = iphoneos;
			};
			name = Debug;
		};
		5DCABEC219C1CB7E00CFB340 /* Release */ = {
			isa = XCBuildConfiguration;
			buildSettings = {
				ALWAYS_SEARCH_USER_PATHS = NO;
				CLANG_CXX_LANGUAGE_STANDARD = "gnu++0x";
				CLANG_CXX_LIBRARY = "libc++";
				CLANG_ENABLE_MODULES = YES;
				CLANG_ENABLE_OBJC_ARC = YES;
				CLANG_WARN_BOOL_CONVERSION = YES;
				CLANG_WARN_CONSTANT_CONVERSION = YES;
				CLANG_WARN_DIRECT_OBJC_ISA_USAGE = YES_ERROR;
				CLANG_WARN_EMPTY_BODY = YES;
				CLANG_WARN_ENUM_CONVERSION = YES;
				CLANG_WARN_INT_CONVERSION = YES;
				CLANG_WARN_OBJC_ROOT_CLASS = YES_ERROR;
				CLANG_WARN__DUPLICATE_METHOD_MATCH = YES;
				"CODE_SIGN_IDENTITY[sdk=iphoneos*]" = "iPhone Developer";
				COPY_PHASE_STRIP = YES;
				ENABLE_NS_ASSERTIONS = NO;
				GCC_C_LANGUAGE_STANDARD = gnu99;
				GCC_WARN_64_TO_32_BIT_CONVERSION = YES;
				GCC_WARN_ABOUT_RETURN_TYPE = YES_ERROR;
				GCC_WARN_UNDECLARED_SELECTOR = YES;
				GCC_WARN_UNINITIALIZED_AUTOS = YES_AGGRESSIVE;
				GCC_WARN_UNUSED_FUNCTION = YES;
				GCC_WARN_UNUSED_VARIABLE = YES;
				IPHONEOS_DEPLOYMENT_TARGET = 7.1;
				SDKROOT = iphoneos;
				VALIDATE_PRODUCT = YES;
			};
			name = Release;
		};
		5DCABEC419C1CB7E00CFB340 /* Debug */ = {
			isa = XCBuildConfiguration;
			buildSettings = {
				ASSETCATALOG_COMPILER_APPICON_NAME = AppIcon;
				ASSETCATALOG_COMPILER_LAUNCHIMAGE_NAME = LaunchImage;
				GCC_PRECOMPILE_PREFIX_HEADER = YES;
				GCC_PREFIX_HEADER = "Notify/Notify-Prefix.pch";
				INFOPLIST_FILE = "Notify/Notify-Info.plist";
				PRODUCT_NAME = "$(TARGET_NAME)";
				WRAPPER_EXTENSION = app;
			};
			name = Debug;
		};
		5DCABEC519C1CB7E00CFB340 /* Release */ = {
			isa = XCBuildConfiguration;
			buildSettings = {
				ASSETCATALOG_COMPILER_APPICON_NAME = AppIcon;
				ASSETCATALOG_COMPILER_LAUNCHIMAGE_NAME = LaunchImage;
				GCC_PRECOMPILE_PREFIX_HEADER = YES;
				GCC_PREFIX_HEADER = "Notify/Notify-Prefix.pch";
				INFOPLIST_FILE = "Notify/Notify-Info.plist";
				PRODUCT_NAME = "$(TARGET_NAME)";
				WRAPPER_EXTENSION = app;
			};
			name = Release;
		};
		5DCABEC719C1CB7E00CFB340 /* Debug */ = {
			isa = XCBuildConfiguration;
			buildSettings = {
				BUNDLE_LOADER = "$(BUILT_PRODUCTS_DIR)/Notify.app/Notify";
				FRAMEWORK_SEARCH_PATHS = (
					"$(SDKROOT)/Developer/Library/Frameworks",
					"$(inherited)",
					"$(DEVELOPER_FRAMEWORKS_DIR)",
				);
				GCC_PRECOMPILE_PREFIX_HEADER = YES;
				GCC_PREFIX_HEADER = "Notify/Notify-Prefix.pch";
				GCC_PREPROCESSOR_DEFINITIONS = (
					"DEBUG=1",
					"$(inherited)",
				);
				INFOPLIST_FILE = "NotifyTests/NotifyTests-Info.plist";
				PRODUCT_NAME = "$(TARGET_NAME)";
				TEST_HOST = "$(BUNDLE_LOADER)";
				WRAPPER_EXTENSION = xctest;
			};
			name = Debug;
		};
		5DCABEC819C1CB7E00CFB340 /* Release */ = {
			isa = XCBuildConfiguration;
			buildSettings = {
				BUNDLE_LOADER = "$(BUILT_PRODUCTS_DIR)/Notify.app/Notify";
				FRAMEWORK_SEARCH_PATHS = (
					"$(SDKROOT)/Developer/Library/Frameworks",
					"$(inherited)",
					"$(DEVELOPER_FRAMEWORKS_DIR)",
				);
				GCC_PRECOMPILE_PREFIX_HEADER = YES;
				GCC_PREFIX_HEADER = "Notify/Notify-Prefix.pch";
				INFOPLIST_FILE = "NotifyTests/NotifyTests-Info.plist";
				PRODUCT_NAME = "$(TARGET_NAME)";
				TEST_HOST = "$(BUNDLE_LOADER)";
				WRAPPER_EXTENSION = xctest;
			};
			name = Release;
		};
/* End XCBuildConfiguration section */

/* Begin XCConfigurationList section */
		5DCABE8C19C1CB7E00CFB340 /* Build configuration list for PBXProject "Notify" */ = {
			isa = XCConfigurationList;
			buildConfigurations = (
				5DCABEC119C1CB7E00CFB340 /* Debug */,
				5DCABEC219C1CB7E00CFB340 /* Release */,
			);
			defaultConfigurationIsVisible = 0;
			defaultConfigurationName = Release;
		};
		5DCABEC319C1CB7E00CFB340 /* Build configuration list for PBXNativeTarget "Notify" */ = {
			isa = XCConfigurationList;
			buildConfigurations = (
				5DCABEC419C1CB7E00CFB340 /* Debug */,
				5DCABEC519C1CB7E00CFB340 /* Release */,
			);
			defaultConfigurationIsVisible = 0;
		};
		5DCABEC619C1CB7E00CFB340 /* Build configuration list for PBXNativeTarget "NotifyTests" */ = {
			isa = XCConfigurationList;
			buildConfigurations = (
				5DCABEC719C1CB7E00CFB340 /* Debug */,
				5DCABEC819C1CB7E00CFB340 /* Release */,
			);
			defaultConfigurationIsVisible = 0;
		};
/* End XCConfigurationList section */
	};
	rootObject = 5DCABE8919C1CB7E00CFB340 /* Project object */;
}
