// !$*UTF8*$!
{
	archiveVersion = 1;
	classes = {
	};
	objectVersion = 46;
	objects = {

/* Begin PBXBuildFile section */
		5D85F67619BF209D00795BF1 /* Foundation.framework in Frameworks */ = {isa = PBXBuildFile; fileRef = 5D85F67519BF209D00795BF1 /* Foundation.framework */; };
		5D85F67819BF209D00795BF1 /* CoreGraphics.framework in Frameworks */ = {isa = PBXBuildFile; fileRef = 5D85F67719BF209D00795BF1 /* CoreGraphics.framework */; };
		5D85F67A19BF209D00795BF1 /* UIKit.framework in Frameworks */ = {isa = PBXBuildFile; fileRef = 5D85F67919BF209D00795BF1 /* UIKit.framework */; };
		5D85F68019BF209D00795BF1 /* InfoPlist.strings in Resources */ = {isa = PBXBuildFile; fileRef = 5D85F67E19BF209D00795BF1 /* InfoPlist.strings */; };
		5D85F68219BF209D00795BF1 /* main.m in Sources */ = {isa = PBXBuildFile; fileRef = 5D85F68119BF209D00795BF1 /* main.m */; };
		5D85F68619BF209D00795BF1 /* StoryboardAppDelegate.m in Sources */ = {isa = PBXBuildFile; fileRef = 5D85F68519BF209D00795BF1 /* StoryboardAppDelegate.m */; };
		5D85F68919BF209D00795BF1 /* Main.storyboard in Resources */ = {isa = PBXBuildFile; fileRef = 5D85F68719BF209D00795BF1 /* Main.storyboard */; };
		5D85F68C19BF209D00795BF1 /* StoryboardViewController.m in Sources */ = {isa = PBXBuildFile; fileRef = 5D85F68B19BF209D00795BF1 /* StoryboardViewController.m */; };
		5D85F68E19BF209D00795BF1 /* Images.xcassets in Resources */ = {isa = PBXBuildFile; fileRef = 5D85F68D19BF209D00795BF1 /* Images.xcassets */; };
		5D85F69519BF209D00795BF1 /* XCTest.framework in Frameworks */ = {isa = PBXBuildFile; fileRef = 5D85F69419BF209D00795BF1 /* XCTest.framework */; };
		5D85F69619BF209D00795BF1 /* Foundation.framework in Frameworks */ = {isa = PBXBuildFile; fileRef = 5D85F67519BF209D00795BF1 /* Foundation.framework */; };
		5D85F69719BF209D00795BF1 /* UIKit.framework in Frameworks */ = {isa = PBXBuildFile; fileRef = 5D85F67919BF209D00795BF1 /* UIKit.framework */; };
		5D85F69F19BF209D00795BF1 /* InfoPlist.strings in Resources */ = {isa = PBXBuildFile; fileRef = 5D85F69D19BF209D00795BF1 /* InfoPlist.strings */; };
		5D85F6A119BF209D00795BF1 /* StoryboardTests.m in Sources */ = {isa = PBXBuildFile; fileRef = 5D85F6A019BF209D00795BF1 /* StoryboardTests.m */; };
		5D85F6AC19BF218B00795BF1 /* SecondViewController.m in Sources */ = {isa = PBXBuildFile; fileRef = 5D85F6AB19BF218B00795BF1 /* SecondViewController.m */; };
/* End PBXBuildFile section */

/* Begin PBXContainerItemProxy section */
		5D85F69819BF209D00795BF1 /* PBXContainerItemProxy */ = {
			isa = PBXContainerItemProxy;
			containerPortal = 5D85F66A19BF209D00795BF1 /* Project object */;
			proxyType = 1;
			remoteGlobalIDString = 5D85F67119BF209D00795BF1;
			remoteInfo = Storyboard;
		};
/* End PBXContainerItemProxy section */

/* Begin PBXFileReference section */
		5D85F67219BF209D00795BF1 /* Storyboard.app */ = {isa = PBXFileReference; explicitFileType = wrapper.application; includeInIndex = 0; path = Storyboard.app; sourceTree = BUILT_PRODUCTS_DIR; };
		5D85F67519BF209D00795BF1 /* Foundation.framework */ = {isa = PBXFileReference; lastKnownFileType = wrapper.framework; name = Foundation.framework; path = System/Library/Frameworks/Foundation.framework; sourceTree = SDKROOT; };
		5D85F67719BF209D00795BF1 /* CoreGraphics.framework */ = {isa = PBXFileReference; lastKnownFileType = wrapper.framework; name = CoreGraphics.framework; path = System/Library/Frameworks/CoreGraphics.framework; sourceTree = SDKROOT; };
		5D85F67919BF209D00795BF1 /* UIKit.framework */ = {isa = PBXFileReference; lastKnownFileType = wrapper.framework; name = UIKit.framework; path = System/Library/Frameworks/UIKit.framework; sourceTree = SDKROOT; };
		5D85F67D19BF209D00795BF1 /* Storyboard-Info.plist */ = {isa = PBXFileReference; lastKnownFileType = text.plist.xml; path = "Storyboard-Info.plist"; sourceTree = "<group>"; };
		5D85F67F19BF209D00795BF1 /* en */ = {isa = PBXFileReference; lastKnownFileType = text.plist.strings; name = en; path = en.lproj/InfoPlist.strings; sourceTree = "<group>"; };
		5D85F68119BF209D00795BF1 /* main.m */ = {isa = PBXFileReference; lastKnownFileType = sourcecode.c.objc; path = main.m; sourceTree = "<group>"; };
		5D85F68319BF209D00795BF1 /* Storyboard-Prefix.pch */ = {isa = PBXFileReference; lastKnownFileType = sourcecode.c.h; path = "Storyboard-Prefix.pch"; sourceTree = "<group>"; };
		5D85F68419BF209D00795BF1 /* StoryboardAppDelegate.h */ = {isa = PBXFileReference; lastKnownFileType = sourcecode.c.h; path = StoryboardAppDelegate.h; sourceTree = "<group>"; };
		5D85F68519BF209D00795BF1 /* StoryboardAppDelegate.m */ = {isa = PBXFileReference; lastKnownFileType = sourcecode.c.objc; path = StoryboardAppDelegate.m; sourceTree = "<group>"; };
		5D85F68819BF209D00795BF1 /* Base */ = {isa = PBXFileReference; lastKnownFileType = file.storyboard; name = Base; path = Base.lproj/Main.storyboard; sourceTree = "<group>"; };
		5D85F68A19BF209D00795BF1 /* StoryboardViewController.h */ = {isa = PBXFileReference; lastKnownFileType = sourcecode.c.h; path = StoryboardViewController.h; sourceTree = "<group>"; };
		5D85F68B19BF209D00795BF1 /* StoryboardViewController.m */ = {isa = PBXFileReference; lastKnownFileType = sourcecode.c.objc; path = StoryboardViewController.m; sourceTree = "<group>"; };
		5D85F68D19BF209D00795BF1 /* Images.xcassets */ = {isa = PBXFileReference; lastKnownFileType = folder.assetcatalog; path = Images.xcassets; sourceTree = "<group>"; };
		5D85F69319BF209D00795BF1 /* StoryboardTests.xctest */ = {isa = PBXFileReference; explicitFileType = wrapper.cfbundle; includeInIndex = 0; path = StoryboardTests.xctest; sourceTree = BUILT_PRODUCTS_DIR; };
		5D85F69419BF209D00795BF1 /* XCTest.framework */ = {isa = PBXFileReference; lastKnownFileType = wrapper.framework; name = XCTest.framework; path = Library/Frameworks/XCTest.framework; sourceTree = DEVELOPER_DIR; };
		5D85F69C19BF209D00795BF1 /* StoryboardTests-Info.plist */ = {isa = PBXFileReference; lastKnownFileType = text.plist.xml; path = "StoryboardTests-Info.plist"; sourceTree = "<group>"; };
		5D85F69E19BF209D00795BF1 /* en */ = {isa = PBXFileReference; lastKnownFileType = text.plist.strings; name = en; path = en.lproj/InfoPlist.strings; sourceTree = "<group>"; };
		5D85F6A019BF209D00795BF1 /* StoryboardTests.m */ = {isa = PBXFileReference; lastKnownFileType = sourcecode.c.objc; path = StoryboardTests.m; sourceTree = "<group>"; };
		5D85F6AA19BF218B00795BF1 /* SecondViewController.h */ = {isa = PBXFileReference; fileEncoding = 4; lastKnownFileType = sourcecode.c.h; path = SecondViewController.h; sourceTree = "<group>"; };
		5D85F6AB19BF218B00795BF1 /* SecondViewController.m */ = {isa = PBXFileReference; fileEncoding = 4; lastKnownFileType = sourcecode.c.objc; path = SecondViewController.m; sourceTree = "<group>"; };
/* End PBXFileReference section */

/* Begin PBXFrameworksBuildPhase section */
		5D85F66F19BF209D00795BF1 /* Frameworks */ = {
			isa = PBXFrameworksBuildPhase;
			buildActionMask = 2147483647;
			files = (
				5D85F67819BF209D00795BF1 /* CoreGraphics.framework in Frameworks */,
				5D85F67A19BF209D00795BF1 /* UIKit.framework in Frameworks */,
				5D85F67619BF209D00795BF1 /* Foundation.framework in Frameworks */,
			);
			runOnlyForDeploymentPostprocessing = 0;
		};
		5D85F69019BF209D00795BF1 /* Frameworks */ = {
			isa = PBXFrameworksBuildPhase;
			buildActionMask = 2147483647;
			files = (
				5D85F69519BF209D00795BF1 /* XCTest.framework in Frameworks */,
				5D85F69719BF209D00795BF1 /* UIKit.framework in Frameworks */,
				5D85F69619BF209D00795BF1 /* Foundation.framework in Frameworks */,
			);
			runOnlyForDeploymentPostprocessing = 0;
		};
/* End PBXFrameworksBuildPhase section */

/* Begin PBXGroup section */
		5D85F66919BF209D00795BF1 = {
			isa = PBXGroup;
			children = (
				5D85F67B19BF209D00795BF1 /* Storyboard */,
				5D85F69A19BF209D00795BF1 /* StoryboardTests */,
				5D85F67419BF209D00795BF1 /* Frameworks */,
				5D85F67319BF209D00795BF1 /* Products */,
			);
			sourceTree = "<group>";
		};
		5D85F67319BF209D00795BF1 /* Products */ = {
			isa = PBXGroup;
			children = (
				5D85F67219BF209D00795BF1 /* Storyboard.app */,
				5D85F69319BF209D00795BF1 /* StoryboardTests.xctest */,
			);
			name = Products;
			sourceTree = "<group>";
		};
		5D85F67419BF209D00795BF1 /* Frameworks */ = {
			isa = PBXGroup;
			children = (
				5D85F67519BF209D00795BF1 /* Foundation.framework */,
				5D85F67719BF209D00795BF1 /* CoreGraphics.framework */,
				5D85F67919BF209D00795BF1 /* UIKit.framework */,
				5D85F69419BF209D00795BF1 /* XCTest.framework */,
			);
			name = Frameworks;
			sourceTree = "<group>";
		};
		5D85F67B19BF209D00795BF1 /* Storyboard */ = {
			isa = PBXGroup;
			children = (
				5D85F68419BF209D00795BF1 /* StoryboardAppDelegate.h */,
				5D85F68519BF209D00795BF1 /* StoryboardAppDelegate.m */,
				5D85F68719BF209D00795BF1 /* Main.storyboard */,
				5D85F68A19BF209D00795BF1 /* StoryboardViewController.h */,
				5D85F68B19BF209D00795BF1 /* StoryboardViewController.m */,
				5D85F6AA19BF218B00795BF1 /* SecondViewController.h */,
				5D85F6AB19BF218B00795BF1 /* SecondViewController.m */,
				5D85F68D19BF209D00795BF1 /* Images.xcassets */,
				5D85F67C19BF209D00795BF1 /* Supporting Files */,
			);
			path = Storyboard;
			sourceTree = "<group>";
		};
		5D85F67C19BF209D00795BF1 /* Supporting Files */ = {
			isa = PBXGroup;
			children = (
				5D85F67D19BF209D00795BF1 /* Storyboard-Info.plist */,
				5D85F67E19BF209D00795BF1 /* InfoPlist.strings */,
				5D85F68119BF209D00795BF1 /* main.m */,
				5D85F68319BF209D00795BF1 /* Storyboard-Prefix.pch */,
			);
			name = "Supporting Files";
			sourceTree = "<group>";
		};
		5D85F69A19BF209D00795BF1 /* StoryboardTests */ = {
			isa = PBXGroup;
			children = (
				5D85F6A019BF209D00795BF1 /* StoryboardTests.m */,
				5D85F69B19BF209D00795BF1 /* Supporting Files */,
			);
			path = StoryboardTests;
			sourceTree = "<group>";
		};
		5D85F69B19BF209D00795BF1 /* Supporting Files */ = {
			isa = PBXGroup;
			children = (
				5D85F69C19BF209D00795BF1 /* StoryboardTests-Info.plist */,
				5D85F69D19BF209D00795BF1 /* InfoPlist.strings */,
			);
			name = "Supporting Files";
			sourceTree = "<group>";
		};
/* End PBXGroup section */

/* Begin PBXNativeTarget section */
		5D85F67119BF209D00795BF1 /* Storyboard */ = {
			isa = PBXNativeTarget;
			buildConfigurationList = 5D85F6A419BF209D00795BF1 /* Build configuration list for PBXNativeTarget "Storyboard" */;
			buildPhases = (
				5D85F66E19BF209D00795BF1 /* Sources */,
				5D85F66F19BF209D00795BF1 /* Frameworks */,
				5D85F67019BF209D00795BF1 /* Resources */,
			);
			buildRules = (
			);
			dependencies = (
			);
			name = Storyboard;
			productName = Storyboard;
			productReference = 5D85F67219BF209D00795BF1 /* Storyboard.app */;
			productType = "com.apple.product-type.application";
		};
		5D85F69219BF209D00795BF1 /* StoryboardTests */ = {
			isa = PBXNativeTarget;
			buildConfigurationList = 5D85F6A719BF209D00795BF1 /* Build configuration list for PBXNativeTarget "StoryboardTests" */;
			buildPhases = (
				5D85F68F19BF209D00795BF1 /* Sources */,
				5D85F69019BF209D00795BF1 /* Frameworks */,
				5D85F69119BF209D00795BF1 /* Resources */,
			);
			buildRules = (
			);
			dependencies = (
				5D85F69919BF209D00795BF1 /* PBXTargetDependency */,
			);
			name = StoryboardTests;
			productName = StoryboardTests;
			productReference = 5D85F69319BF209D00795BF1 /* StoryboardTests.xctest */;
			productType = "com.apple.product-type.bundle.unit-test";
		};
/* End PBXNativeTarget section */

/* Begin PBXProject section */
		5D85F66A19BF209D00795BF1 /* Project object */ = {
			isa = PBXProject;
			attributes = {
				CLASSPREFIX = Storyboard;
				LastUpgradeCheck = 0510;
				ORGANIZATIONNAME = Fermin;
				TargetAttributes = {
					5D85F69219BF209D00795BF1 = {
						TestTargetID = 5D85F67119BF209D00795BF1;
					};
				};
			};
			buildConfigurationList = 5D85F66D19BF209D00795BF1 /* Build configuration list for PBXProject "Storyboard" */;
			compatibilityVersion = "Xcode 3.2";
			developmentRegion = English;
			hasScannedForEncodings = 0;
			knownRegions = (
				en,
				Base,
			);
			mainGroup = 5D85F66919BF209D00795BF1;
			productRefGroup = 5D85F67319BF209D00795BF1 /* Products */;
			projectDirPath = "";
			projectRoot = "";
			targets = (
				5D85F67119BF209D00795BF1 /* Storyboard */,
				5D85F69219BF209D00795BF1 /* StoryboardTests */,
			);
		};
/* End PBXProject section */

/* Begin PBXResourcesBuildPhase section */
		5D85F67019BF209D00795BF1 /* Resources */ = {
			isa = PBXResourcesBuildPhase;
			buildActionMask = 2147483647;
			files = (
				5D85F68E19BF209D00795BF1 /* Images.xcassets in Resources */,
				5D85F68019BF209D00795BF1 /* InfoPlist.strings in Resources */,
				5D85F68919BF209D00795BF1 /* Main.storyboard in Resources */,
			);
			runOnlyForDeploymentPostprocessing = 0;
		};
		5D85F69119BF209D00795BF1 /* Resources */ = {
			isa = PBXResourcesBuildPhase;
			buildActionMask = 2147483647;
			files = (
				5D85F69F19BF209D00795BF1 /* InfoPlist.strings in Resources */,
			);
			runOnlyForDeploymentPostprocessing = 0;
		};
/* End PBXResourcesBuildPhase section */

/* Begin PBXSourcesBuildPhase section */
		5D85F66E19BF209D00795BF1 /* Sources */ = {
			isa = PBXSourcesBuildPhase;
			buildActionMask = 2147483647;
			files = (
				5D85F6AC19BF218B00795BF1 /* SecondViewController.m in Sources */,
				5D85F68C19BF209D00795BF1 /* StoryboardViewController.m in Sources */,
				5D85F68219BF209D00795BF1 /* main.m in Sources */,
				5D85F68619BF209D00795BF1 /* StoryboardAppDelegate.m in Sources */,
			);
			runOnlyForDeploymentPostprocessing = 0;
		};
		5D85F68F19BF209D00795BF1 /* Sources */ = {
			isa = PBXSourcesBuildPhase;
			buildActionMask = 2147483647;
			files = (
				5D85F6A119BF209D00795BF1 /* StoryboardTests.m in Sources */,
			);
			runOnlyForDeploymentPostprocessing = 0;
		};
/* End PBXSourcesBuildPhase section */

/* Begin PBXTargetDependency section */
		5D85F69919BF209D00795BF1 /* PBXTargetDependency */ = {
			isa = PBXTargetDependency;
			target = 5D85F67119BF209D00795BF1 /* Storyboard */;
			targetProxy = 5D85F69819BF209D00795BF1 /* PBXContainerItemProxy */;
		};
/* End PBXTargetDependency section */

/* Begin PBXVariantGroup section */
		5D85F67E19BF209D00795BF1 /* InfoPlist.strings */ = {
			isa = PBXVariantGroup;
			children = (
				5D85F67F19BF209D00795BF1 /* en */,
			);
			name = InfoPlist.strings;
			sourceTree = "<group>";
		};
		5D85F68719BF209D00795BF1 /* Main.storyboard */ = {
			isa = PBXVariantGroup;
			children = (
				5D85F68819BF209D00795BF1 /* Base */,
			);
			name = Main.storyboard;
			sourceTree = "<group>";
		};
		5D85F69D19BF209D00795BF1 /* InfoPlist.strings */ = {
			isa = PBXVariantGroup;
			children = (
				5D85F69E19BF209D00795BF1 /* en */,
			);
			name = InfoPlist.strings;
			sourceTree = "<group>";
		};
/* End PBXVariantGroup section */

/* Begin XCBuildConfiguration section */
		5D85F6A219BF209D00795BF1 /* Debug */ = {
			isa = XCBuildConfiguration;
			buildSettings = {
				ALWAYS_SEARCH_USER_PATHS = NO;
				CLANG_CXX_LANGUAGE_STANDARD = "gnu++0x";
				CLANG_CXX_LIBRARY = "libc++";
				CLANG_ENABLE_MODULES = YES;
				CLANG_ENABLE_OBJC_ARC = YES;
				CLANG_WARN_BOOL_CONVERSION = YES;
				CLANG_WARN_CONSTANT_CONVERSION = YES;
				CLANG_WARN_DIRECT_OBJC_ISA_USAGE = YES_ERROR;
				CLANG_WARN_EMPTY_BODY = YES;
				CLANG_WARN_ENUM_CONVERSION = YES;
				CLANG_WARN_INT_CONVERSION = YES;
				CLANG_WARN_OBJC_ROOT_CLASS = YES_ERROR;
				CLANG_WARN__DUPLICATE_METHOD_MATCH = YES;
				"CODE_SIGN_IDENTITY[sdk=iphoneos*]" = "iPhone Developer";
				COPY_PHASE_STRIP = NO;
				GCC_C_LANGUAGE_STANDARD = gnu99;
				GCC_DYNAMIC_NO_PIC = NO;
				GCC_OPTIMIZATION_LEVEL = 0;
				GCC_PREPROCESSOR_DEFINITIONS = (
					"DEBUG=1",
					"$(inherited)",
				);
				GCC_SYMBOLS_PRIVATE_EXTERN = NO;
				GCC_WARN_64_TO_32_BIT_CONVERSION = YES;
				GCC_WARN_ABOUT_RETURN_TYPE = YES_ERROR;
				GCC_WARN_UNDECLARED_SELECTOR = YES;
				GCC_WARN_UNINITIALIZED_AUTOS = YES_AGGRESSIVE;
				GCC_WARN_UNUSED_FUNCTION = YES;
				GCC_WARN_UNUSED_VARIABLE = YES;
				IPHONEOS_DEPLOYMENT_TARGET = 7.1;
				ONLY_ACTIVE_ARCH = YES;
				SDKROOT = iphoneos;
			};
			name = Debug;
		};
		5D85F6A319BF209D00795BF1 /* Release */ = {
			isa = XCBuildConfiguration;
			buildSettings = {
				ALWAYS_SEARCH_USER_PATHS = NO;
				CLANG_CXX_LANGUAGE_STANDARD = "gnu++0x";
				CLANG_CXX_LIBRARY = "libc++";
				CLANG_ENABLE_MODULES = YES;
				CLANG_ENABLE_OBJC_ARC = YES;
				CLANG_WARN_BOOL_CONVERSION = YES;
				CLANG_WARN_CONSTANT_CONVERSION = YES;
				CLANG_WARN_DIRECT_OBJC_ISA_USAGE = YES_ERROR;
				CLANG_WARN_EMPTY_BODY = YES;
				CLANG_WARN_ENUM_CONVERSION = YES;
				CLANG_WARN_INT_CONVERSION = YES;
				CLANG_WARN_OBJC_ROOT_CLASS = YES_ERROR;
				CLANG_WARN__DUPLICATE_METHOD_MATCH = YES;
				"CODE_SIGN_IDENTITY[sdk=iphoneos*]" = "iPhone Developer";
				COPY_PHASE_STRIP = YES;
				ENABLE_NS_ASSERTIONS = NO;
				GCC_C_LANGUAGE_STANDARD = gnu99;
				GCC_WARN_64_TO_32_BIT_CONVERSION = YES;
				GCC_WARN_ABOUT_RETURN_TYPE = YES_ERROR;
				GCC_WARN_UNDECLARED_SELECTOR = YES;
				GCC_WARN_UNINITIALIZED_AUTOS = YES_AGGRESSIVE;
				GCC_WARN_UNUSED_FUNCTION = YES;
				GCC_WARN_UNUSED_VARIABLE = YES;
				IPHONEOS_DEPLOYMENT_TARGET = 7.1;
				SDKROOT = iphoneos;
				VALIDATE_PRODUCT = YES;
			};
			name = Release;
		};
		5D85F6A519BF209D00795BF1 /* Debug */ = {
			isa = XCBuildConfiguration;
			buildSettings = {
				ASSETCATALOG_COMPILER_APPICON_NAME = AppIcon;
				ASSETCATALOG_COMPILER_LAUNCHIMAGE_NAME = LaunchImage;
				GCC_PRECOMPILE_PREFIX_HEADER = YES;
				GCC_PREFIX_HEADER = "Storyboard/Storyboard-Prefix.pch";
				INFOPLIST_FILE = "Storyboard/Storyboard-Info.plist";
				PRODUCT_NAME = "$(TARGET_NAME)";
				WRAPPER_EXTENSION = app;
			};
			name = Debug;
		};
		5D85F6A619BF209D00795BF1 /* Release */ = {
			isa = XCBuildConfiguration;
			buildSettings = {
				ASSETCATALOG_COMPILER_APPICON_NAME = AppIcon;
				ASSETCATALOG_COMPILER_LAUNCHIMAGE_NAME = LaunchImage;
				GCC_PRECOMPILE_PREFIX_HEADER = YES;
				GCC_PREFIX_HEADER = "Storyboard/Storyboard-Prefix.pch";
				INFOPLIST_FILE = "Storyboard/Storyboard-Info.plist";
				PRODUCT_NAME = "$(TARGET_NAME)";
				WRAPPER_EXTENSION = app;
			};
			name = Release;
		};
		5D85F6A819BF209D00795BF1 /* Debug */ = {
			isa = XCBuildConfiguration;
			buildSettings = {
				BUNDLE_LOADER = "$(BUILT_PRODUCTS_DIR)/Storyboard.app/Storyboard";
				FRAMEWORK_SEARCH_PATHS = (
					"$(SDKROOT)/Developer/Library/Frameworks",
					"$(inherited)",
					"$(DEVELOPER_FRAMEWORKS_DIR)",
				);
				GCC_PRECOMPILE_PREFIX_HEADER = YES;
				GCC_PREFIX_HEADER = "Storyboard/Storyboard-Prefix.pch";
				GCC_PREPROCESSOR_DEFINITIONS = (
					"DEBUG=1",
					"$(inherited)",
				);
				INFOPLIST_FILE = "StoryboardTests/StoryboardTests-Info.plist";
				PRODUCT_NAME = "$(TARGET_NAME)";
				TEST_HOST = "$(BUNDLE_LOADER)";
				WRAPPER_EXTENSION = xctest;
			};
			name = Debug;
		};
		5D85F6A919BF209D00795BF1 /* Release */ = {
			isa = XCBuildConfiguration;
			buildSettings = {
				BUNDLE_LOADER = "$(BUILT_PRODUCTS_DIR)/Storyboard.app/Storyboard";
				FRAMEWORK_SEARCH_PATHS = (
					"$(SDKROOT)/Developer/Library/Frameworks",
					"$(inherited)",
					"$(DEVELOPER_FRAMEWORKS_DIR)",
				);
				GCC_PRECOMPILE_PREFIX_HEADER = YES;
				GCC_PREFIX_HEADER = "Storyboard/Storyboard-Prefix.pch";
				INFOPLIST_FILE = "StoryboardTests/StoryboardTests-Info.plist";
				PRODUCT_NAME = "$(TARGET_NAME)";
				TEST_HOST = "$(BUNDLE_LOADER)";
				WRAPPER_EXTENSION = xctest;
			};
			name = Release;
		};
/* End XCBuildConfiguration section */

/* Begin XCConfigurationList section */
		5D85F66D19BF209D00795BF1 /* Build configuration list for PBXProject "Storyboard" */ = {
			isa = XCConfigurationList;
			buildConfigurations = (
				5D85F6A219BF209D00795BF1 /* Debug */,
				5D85F6A319BF209D00795BF1 /* Release */,
			);
			defaultConfigurationIsVisible = 0;
			defaultConfigurationName = Release;
		};
		5D85F6A419BF209D00795BF1 /* Build configuration list for PBXNativeTarget "Storyboard" */ = {
			isa = XCConfigurationList;
			buildConfigurations = (
				5D85F6A519BF209D00795BF1 /* Debug */,
				5D85F6A619BF209D00795BF1 /* Release */,
			);
			defaultConfigurationIsVisible = 0;
		};
		5D85F6A719BF209D00795BF1 /* Build configuration list for PBXNativeTarget "StoryboardTests" */ = {
			isa = XCConfigurationList;
			buildConfigurations = (
				5D85F6A819BF209D00795BF1 /* Debug */,
				5D85F6A919BF209D00795BF1 /* Release */,
			);
			defaultConfigurationIsVisible = 0;
		};
/* End XCConfigurationList section */
	};
	rootObject = 5D85F66A19BF209D00795BF1 /* Project object */;
}
